// !$*UTF8*$!
{
	archiveVersion = 1;
	classes = {
	};
	objectVersion = 46;
	objects = {

/* Begin PBXBuildFile section */
		4586B8C51B45BB4600FD1022 /* GameOverViewController.m in Sources */ = {isa = PBXBuildFile; fileRef = 4586B8C41B45BB4600FD1022 /* GameOverViewController.m */; };
		4586B8C81B45DDD000FD1022 /* LevelCompleteViewController.m in Sources */ = {isa = PBXBuildFile; fileRef = 4586B8C71B45DDD000FD1022 /* LevelCompleteViewController.m */; };
		4586B8C91B45E22400FD1022 /* QuartzCore.framework in Frameworks */ = {isa = PBXBuildFile; fileRef = 4529F12E1B0A87B40089F99D /* QuartzCore.framework */; };
		45E154E11B000D8A0025594B /* main.m in Sources */ = {isa = PBXBuildFile; fileRef = 45E154E01B000D8A0025594B /* main.m */; };
		45E154E41B000D8A0025594B /* AppDelegate.m in Sources */ = {isa = PBXBuildFile; fileRef = 45E154E31B000D8A0025594B /* AppDelegate.m */; };
		45E154E71B000D8A0025594B /* ViewController.m in Sources */ = {isa = PBXBuildFile; fileRef = 45E154E61B000D8A0025594B /* ViewController.m */; };
		45E154EA1B000D8A0025594B /* Main.storyboard in Resources */ = {isa = PBXBuildFile; fileRef = 45E154E81B000D8A0025594B /* Main.storyboard */; };
		45E154EC1B000D8A0025594B /* Images.xcassets in Resources */ = {isa = PBXBuildFile; fileRef = 45E154EB1B000D8A0025594B /* Images.xcassets */; };
		45E154EF1B000D8A0025594B /* LaunchScreen.xib in Resources */ = {isa = PBXBuildFile; fileRef = 45E154ED1B000D8A0025594B /* LaunchScreen.xib */; };
		45E154FB1B000D8A0025594B /* sudokuTests.m in Sources */ = {isa = PBXBuildFile; fileRef = 45E154FA1B000D8A0025594B /* sudokuTests.m */; };
/* End PBXBuildFile section */

/* Begin PBXContainerItemProxy section */
		45E154F51B000D8A0025594B /* PBXContainerItemProxy */ = {
			isa = PBXContainerItemProxy;
			containerPortal = 45E154D31B000D890025594B /* Project object */;
			proxyType = 1;
			remoteGlobalIDString = 45E154DA1B000D890025594B;
			remoteInfo = sudoku;
		};
/* End PBXContainerItemProxy section */

/* Begin PBXFileReference section */
		4529F12E1B0A87B40089F99D /* QuartzCore.framework */ = {isa = PBXFileReference; lastKnownFileType = wrapper.framework; name = QuartzCore.framework; path = System/Library/Frameworks/QuartzCore.framework; sourceTree = SDKROOT; };
		4586B8C31B45BB4600FD1022 /* GameOverViewController.h */ = {isa = PBXFileReference; fileEncoding = 4; lastKnownFileType = sourcecode.c.h; path = GameOverViewController.h; sourceTree = "<group>"; };
		4586B8C41B45BB4600FD1022 /* GameOverViewController.m */ = {isa = PBXFileReference; fileEncoding = 4; lastKnownFileType = sourcecode.c.objc; path = GameOverViewController.m; sourceTree = "<group>"; };
		4586B8C61B45DDD000FD1022 /* LevelCompleteViewController.h */ = {isa = PBXFileReference; fileEncoding = 4; lastKnownFileType = sourcecode.c.h; path = LevelCompleteViewController.h; sourceTree = "<group>"; };
		4586B8C71B45DDD000FD1022 /* LevelCompleteViewController.m */ = {isa = PBXFileReference; fileEncoding = 4; lastKnownFileType = sourcecode.c.objc; path = LevelCompleteViewController.m; sourceTree = "<group>"; };
		45E154DB1B000D890025594B /* sudoku.app */ = {isa = PBXFileReference; explicitFileType = wrapper.application; includeInIndex = 0; path = sudoku.app; sourceTree = BUILT_PRODUCTS_DIR; };
		45E154DF1B000D8A0025594B /* Info.plist */ = {isa = PBXFileReference; lastKnownFileType = text.plist.xml; path = Info.plist; sourceTree = "<group>"; };
		45E154E01B000D8A0025594B /* main.m */ = {isa = PBXFileReference; lastKnownFileType = sourcecode.c.objc; path = main.m; sourceTree = "<group>"; };
		45E154E21B000D8A0025594B /* AppDelegate.h */ = {isa = PBXFileReference; lastKnownFileType = sourcecode.c.h; path = AppDelegate.h; sourceTree = "<group>"; };
		45E154E31B000D8A0025594B /* AppDelegate.m */ = {isa = PBXFileReference; lastKnownFileType = sourcecode.c.objc; path = AppDelegate.m; sourceTree = "<group>"; };
		45E154E51B000D8A0025594B /* ViewController.h */ = {isa = PBXFileReference; lastKnownFileType = sourcecode.c.h; path = ViewController.h; sourceTree = "<group>"; };
		45E154E61B000D8A0025594B /* ViewController.m */ = {isa = PBXFileReference; lastKnownFileType = sourcecode.c.objc; path = ViewController.m; sourceTree = "<group>"; };
		45E154E91B000D8A0025594B /* Base */ = {isa = PBXFileReference; lastKnownFileType = file.storyboard; name = Base; path = Base.lproj/Main.storyboard; sourceTree = "<group>"; };
		45E154EB1B000D8A0025594B /* Images.xcassets */ = {isa = PBXFileReference; lastKnownFileType = folder.assetcatalog; path = Images.xcassets; sourceTree = "<group>"; };
		45E154EE1B000D8A0025594B /* Base */ = {isa = PBXFileReference; lastKnownFileType = file.xib; name = Base; path = Base.lproj/LaunchScreen.xib; sourceTree = "<group>"; };
		45E154F41B000D8A0025594B /* sudokuTests.xctest */ = {isa = PBXFileReference; explicitFileType = wrapper.cfbundle; includeInIndex = 0; path = sudokuTests.xctest; sourceTree = BUILT_PRODUCTS_DIR; };
		45E154F91B000D8A0025594B /* Info.plist */ = {isa = PBXFileReference; lastKnownFileType = text.plist.xml; path = Info.plist; sourceTree = "<group>"; };
		45E154FA1B000D8A0025594B /* sudokuTests.m */ = {isa = PBXFileReference; lastKnownFileType = sourcecode.c.objc; path = sudokuTests.m; sourceTree = "<group>"; };
/* End PBXFileReference section */

/* Begin PBXFrameworksBuildPhase section */
		45E154D81B000D890025594B /* Frameworks */ = {
			isa = PBXFrameworksBuildPhase;
			buildActionMask = 2147483647;
			files = (
				4586B8C91B45E22400FD1022 /* QuartzCore.framework in Frameworks */,
			);
			runOnlyForDeploymentPostprocessing = 0;
		};
		45E154F11B000D8A0025594B /* Frameworks */ = {
			isa = PBXFrameworksBuildPhase;
			buildActionMask = 2147483647;
			files = (
			);
			runOnlyForDeploymentPostprocessing = 0;
		};
/* End PBXFrameworksBuildPhase section */

/* Begin PBXGroup section */
		45E154D21B000D890025594B = {
			isa = PBXGroup;
			children = (
				4529F12E1B0A87B40089F99D /* QuartzCore.framework */,
				45E154DD1B000D890025594B /* sudoku */,
				45E154F71B000D8A0025594B /* sudokuTests */,
				45E154DC1B000D890025594B /* Products */,
			);
			sourceTree = "<group>";
		};
		45E154DC1B000D890025594B /* Products */ = {
			isa = PBXGroup;
			children = (
				45E154DB1B000D890025594B /* sudoku.app */,
				45E154F41B000D8A0025594B /* sudokuTests.xctest */,
			);
			name = Products;
			sourceTree = "<group>";
		};
		45E154DD1B000D890025594B /* sudoku */ = {
			isa = PBXGroup;
			children = (
				45E154E21B000D8A0025594B /* AppDelegate.h */,
				45E154E31B000D8A0025594B /* AppDelegate.m */,
				45E154E51B000D8A0025594B /* ViewController.h */,
				45E154E61B000D8A0025594B /* ViewController.m */,
				4586B8C61B45DDD000FD1022 /* LevelCompleteViewController.h */,
				4586B8C71B45DDD000FD1022 /* LevelCompleteViewController.m */,
				45E154E81B000D8A0025594B /* Main.storyboard */,
				4586B8C31B45BB4600FD1022 /* GameOverViewController.h */,
				4586B8C41B45BB4600FD1022 /* GameOverViewController.m */,
				45E154EB1B000D8A0025594B /* Images.xcassets */,
				45E154ED1B000D8A0025594B /* LaunchScreen.xib */,
				45E154DE1B000D890025594B /* Supporting Files */,
			);
			path = sudoku;
			sourceTree = "<group>";
		};
		45E154DE1B000D890025594B /* Supporting Files */ = {
			isa = PBXGroup;
			children = (
				45E154DF1B000D8A0025594B /* Info.plist */,
				45E154E01B000D8A0025594B /* main.m */,
			);
			name = "Supporting Files";
			sourceTree = "<group>";
		};
		45E154F71B000D8A0025594B /* sudokuTests */ = {
			isa = PBXGroup;
			children = (
				45E154FA1B000D8A0025594B /* sudokuTests.m */,
				45E154F81B000D8A0025594B /* Supporting Files */,
			);
			path = sudokuTests;
			sourceTree = "<group>";
		};
		45E154F81B000D8A0025594B /* Supporting Files */ = {
			isa = PBXGroup;
			children = (
				45E154F91B000D8A0025594B /* Info.plist */,
			);
			name = "Supporting Files";
			sourceTree = "<group>";
		};
/* End PBXGroup section */

/* Begin PBXNativeTarget section */
		45E154DA1B000D890025594B /* sudoku */ = {
			isa = PBXNativeTarget;
			buildConfigurationList = 45E154FE1B000D8A0025594B /* Build configuration list for PBXNativeTarget "sudoku" */;
			buildPhases = (
				45E154D71B000D890025594B /* Sources */,
				45E154D81B000D890025594B /* Frameworks */,
				45E154D91B000D890025594B /* Resources */,
			);
			buildRules = (
			);
			dependencies = (
			);
			name = sudoku;
			productName = sudoku;
			productReference = 45E154DB1B000D890025594B /* sudoku.app */;
			productType = "com.apple.product-type.application";
		};
		45E154F31B000D8A0025594B /* sudokuTests */ = {
			isa = PBXNativeTarget;
			buildConfigurationList = 45E155011B000D8A0025594B /* Build configuration list for PBXNativeTarget "sudokuTests" */;
			buildPhases = (
				45E154F01B000D8A0025594B /* Sources */,
				45E154F11B000D8A0025594B /* Frameworks */,
				45E154F21B000D8A0025594B /* Resources */,
			);
			buildRules = (
			);
			dependencies = (
				45E154F61B000D8A0025594B /* PBXTargetDependency */,
			);
			name = sudokuTests;
			productName = sudokuTests;
			productReference = 45E154F41B000D8A0025594B /* sudokuTests.xctest */;
			productType = "com.apple.product-type.bundle.unit-test";
		};
/* End PBXNativeTarget section */

/* Begin PBXProject section */
		45E154D31B000D890025594B /* Project object */ = {
			isa = PBXProject;
			attributes = {
				LastUpgradeCheck = 0630;
				ORGANIZATIONNAME = "Andrew Boryk";
				TargetAttributes = {
					45E154DA1B000D890025594B = {
						CreatedOnToolsVersion = 6.3.1;
					};
					45E154F31B000D8A0025594B = {
						CreatedOnToolsVersion = 6.3.1;
						TestTargetID = 45E154DA1B000D890025594B;
					};
				};
			};
			buildConfigurationList = 45E154D61B000D890025594B /* Build configuration list for PBXProject "sudoku" */;
			compatibilityVersion = "Xcode 3.2";
			developmentRegion = English;
			hasScannedForEncodings = 0;
			knownRegions = (
				en,
				Base,
			);
			mainGroup = 45E154D21B000D890025594B;
			productRefGroup = 45E154DC1B000D890025594B /* Products */;
			projectDirPath = "";
			projectRoot = "";
			targets = (
				45E154DA1B000D890025594B /* sudoku */,
				45E154F31B000D8A0025594B /* sudokuTests */,
			);
		};
/* End PBXProject section */

/* Begin PBXResourcesBuildPhase section */
		45E154D91B000D890025594B /* Resources */ = {
			isa = PBXResourcesBuildPhase;
			buildActionMask = 2147483647;
			files = (
				45E154EA1B000D8A0025594B /* Main.storyboard in Resources */,
				45E154EF1B000D8A0025594B /* LaunchScreen.xib in Resources */,
				45E154EC1B000D8A0025594B /* Images.xcassets in Resources */,
			);
			runOnlyForDeploymentPostprocessing = 0;
		};
		45E154F21B000D8A0025594B /* Resources */ = {
			isa = PBXResourcesBuildPhase;
			buildActionMask = 2147483647;
			files = (
			);
			runOnlyForDeploymentPostprocessing = 0;
		};
/* End PBXResourcesBuildPhase section */

/* Begin PBXSourcesBuildPhase section */
		45E154D71B000D890025594B /* Sources */ = {
			isa = PBXSourcesBuildPhase;
			buildActionMask = 2147483647;
			files = (
				4586B8C51B45BB4600FD1022 /* GameOverViewController.m in Sources */,
				4586B8C81B45DDD000FD1022 /* LevelCompleteViewController.m in Sources */,
				45E154E71B000D8A0025594B /* ViewController.m in Sources */,
				45E154E41B000D8A0025594B /* AppDelegate.m in Sources */,
				45E154E11B000D8A0025594B /* main.m in Sources */,
			);
			runOnlyForDeploymentPostprocessing = 0;
		};
		45E154F01B000D8A0025594B /* Sources */ = {
			isa = PBXSourcesBuildPhase;
			buildActionMask = 2147483647;
			files = (
				45E154FB1B000D8A0025594B /* sudokuTests.m in Sources */,
			);
			runOnlyForDeploymentPostprocessing = 0;
		};
/* End PBXSourcesBuildPhase section */

/* Begin PBXTargetDependency section */
		45E154F61B000D8A0025594B /* PBXTargetDependency */ = {
			isa = PBXTargetDependency;
			target = 45E154DA1B000D890025594B /* sudoku */;
			targetProxy = 45E154F51B000D8A0025594B /* PBXContainerItemProxy */;
		};
/* End PBXTargetDependency section */

/* Begin PBXVariantGroup section */
		45E154E81B000D8A0025594B /* Main.storyboard */ = {
			isa = PBXVariantGroup;
			children = (
				45E154E91B000D8A0025594B /* Base */,
			);
			name = Main.storyboard;
			sourceTree = "<group>";
		};
		45E154ED1B000D8A0025594B /* LaunchScreen.xib */ = {
			isa = PBXVariantGroup;
			children = (
				45E154EE1B000D8A0025594B /* Base */,
			);
			name = LaunchScreen.xib;
			sourceTree = "<group>";
		};
/* End PBXVariantGroup section */

/* Begin XCBuildConfiguration section */
		45E154FC1B000D8A0025594B /* Debug */ = {
			isa = XCBuildConfiguration;
			buildSettings = {
				ALWAYS_SEARCH_USER_PATHS = NO;
				CLANG_CXX_LANGUAGE_STANDARD = "gnu++0x";
				CLANG_CXX_LIBRARY = "libc++";
				CLANG_ENABLE_MODULES = YES;
				CLANG_ENABLE_OBJC_ARC = YES;
				CLANG_WARN_BOOL_CONVERSION = YES;
				CLANG_WARN_CONSTANT_CONVERSION = YES;
				CLANG_WARN_DIRECT_OBJC_ISA_USAGE = YES_ERROR;
				CLANG_WARN_EMPTY_BODY = YES;
				CLANG_WARN_ENUM_CONVERSION = YES;
				CLANG_WARN_INT_CONVERSION = YES;
				CLANG_WARN_OBJC_ROOT_CLASS = YES_ERROR;
				CLANG_WARN_UNREACHABLE_CODE = YES;
				CLANG_WARN__DUPLICATE_METHOD_MATCH = YES;
				CODE_SIGN_IDENTITY = "iPhone Distribution: Andrew Boryk (F6ALBB84EY)";
				"CODE_SIGN_IDENTITY[sdk=iphoneos*]" = "iPhone Distribution: Andrew Boryk (F6ALBB84EY)";
				COPY_PHASE_STRIP = NO;
				DEBUG_INFORMATION_FORMAT = "dwarf-with-dsym";
				ENABLE_STRICT_OBJC_MSGSEND = YES;
				GCC_C_LANGUAGE_STANDARD = gnu99;
				GCC_DYNAMIC_NO_PIC = NO;
				GCC_NO_COMMON_BLOCKS = YES;
				GCC_OPTIMIZATION_LEVEL = 0;
				GCC_PREPROCESSOR_DEFINITIONS = (
					"DEBUG=1",
					"$(inherited)",
				);
				GCC_SYMBOLS_PRIVATE_EXTERN = NO;
				GCC_WARN_64_TO_32_BIT_CONVERSION = YES;
				GCC_WARN_ABOUT_RETURN_TYPE = YES_ERROR;
				GCC_WARN_UNDECLARED_SELECTOR = YES;
				GCC_WARN_UNINITIALIZED_AUTOS = YES_AGGRESSIVE;
				GCC_WARN_UNUSED_FUNCTION = YES;
				GCC_WARN_UNUSED_VARIABLE = YES;
				IPHONEOS_DEPLOYMENT_TARGET = 8.3;
				MTL_ENABLE_DEBUG_INFO = YES;
				ONLY_ACTIVE_ARCH = YES;
				SDKROOT = iphoneos;
			};
			name = Debug;
		};
		45E154FD1B000D8A0025594B /* Release */ = {
			isa = XCBuildConfiguration;
			buildSettings = {
				ALWAYS_SEARCH_USER_PATHS = NO;
				CLANG_CXX_LANGUAGE_STANDARD = "gnu++0x";
				CLANG_CXX_LIBRARY = "libc++";
				CLANG_ENABLE_MODULES = YES;
				CLANG_ENABLE_OBJC_ARC = YES;
				CLANG_WARN_BOOL_CONVERSION = YES;
				CLANG_WARN_CONSTANT_CONVERSION = YES;
				CLANG_WARN_DIRECT_OBJC_ISA_USAGE = YES_ERROR;
				CLANG_WARN_EMPTY_BODY = YES;
				CLANG_WARN_ENUM_CONVERSION = YES;
				CLANG_WARN_INT_CONVERSION = YES;
				CLANG_WARN_OBJC_ROOT_CLASS = YES_ERROR;
				CLANG_WARN_UNREACHABLE_CODE = YES;
				CLANG_WARN__DUPLICATE_METHOD_MATCH = YES;
				CODE_SIGN_IDENTITY = "iPhone Distribution: Andrew Boryk (F6ALBB84EY)";
				"CODE_SIGN_IDENTITY[sdk=iphoneos*]" = "iPhone Distribution: Andrew Boryk (F6ALBB84EY)";
				COPY_PHASE_STRIP = NO;
				DEBUG_INFORMATION_FORMAT = "dwarf-with-dsym";
				ENABLE_NS_ASSERTIONS = NO;
				ENABLE_STRICT_OBJC_MSGSEND = YES;
				GCC_C_LANGUAGE_STANDARD = gnu99;
				GCC_NO_COMMON_BLOCKS = YES;
				GCC_WARN_64_TO_32_BIT_CONVERSION = YES;
				GCC_WARN_ABOUT_RETURN_TYPE = YES_ERROR;
				GCC_WARN_UNDECLARED_SELECTOR = YES;
				GCC_WARN_UNINITIALIZED_AUTOS = YES_AGGRESSIVE;
				GCC_WARN_UNUSED_FUNCTION = YES;
				GCC_WARN_UNUSED_VARIABLE = YES;
				IPHONEOS_DEPLOYMENT_TARGET = 8.3;
				MTL_ENABLE_DEBUG_INFO = NO;
				SDKROOT = iphoneos;
				VALIDATE_PRODUCT = YES;
			};
			name = Release;
		};
		45E154FF1B000D8A0025594B /* Debug */ = {
			isa = XCBuildConfiguration;
			buildSettings = {
				ASSETCATALOG_COMPILER_APPICON_NAME = AppIcon;
				CODE_SIGN_IDENTITY = "iPhone Distribution: Andrew Boryk (F6ALBB84EY)";
				INFOPLIST_FILE = sudoku/Info.plist;
				LD_RUNPATH_SEARCH_PATHS = "$(inherited) @executable_path/Frameworks";
				PRODUCT_NAME = "$(TARGET_NAME)";
			};
			name = Debug;
		};
		45E155001B000D8A0025594B /* Release */ = {
			isa = XCBuildConfiguration;
			buildSettings = {
				ASSETCATALOG_COMPILER_APPICON_NAME = AppIcon;
				CODE_SIGN_IDENTITY = "iPhone Distribution: Andrew Boryk (F6ALBB84EY)";
				INFOPLIST_FILE = sudoku/Info.plist;
				LD_RUNPATH_SEARCH_PATHS = "$(inherited) @executable_path/Frameworks";
				PRODUCT_NAME = "$(TARGET_NAME)";
			};
			name = Release;
		};
		45E155021B000D8A0025594B /* Debug */ = {
			isa = XCBuildConfiguration;
			buildSettings = {
				BUNDLE_LOADER = "$(TEST_HOST)";
				FRAMEWORK_SEARCH_PATHS = (
					"$(SDKROOT)/Developer/Library/Frameworks",
					"$(inherited)",
				);
				GCC_PREPROCESSOR_DEFINITIONS = (
					"DEBUG=1",
					"$(inherited)",
				);
				INFOPLIST_FILE = sudokuTests/Info.plist;
				LD_RUNPATH_SEARCH_PATHS = "$(inherited) @executable_path/Frameworks @loader_path/Frameworks";
				PRODUCT_NAME = "$(TARGET_NAME)";
				TEST_HOST = "$(BUILT_PRODUCTS_DIR)/sudoku.app/sudoku";
			};
			name = Debug;
		};
		45E155031B000D8A0025594B /* Release */ = {
			isa = XCBuildConfiguration;
			buildSettings = {
				BUNDLE_LOADER = "$(TEST_HOST)";
				FRAMEWORK_SEARCH_PATHS = (
					"$(SDKROOT)/Developer/Library/Frameworks",
					"$(inherited)",
				);
				INFOPLIST_FILE = sudokuTests/Info.plist;
				LD_RUNPATH_SEARCH_PATHS = "$(inherited) @executable_path/Frameworks @loader_path/Frameworks";
				PRODUCT_NAME = "$(TARGET_NAME)";
				TEST_HOST = "$(BUILT_PRODUCTS_DIR)/sudoku.app/sudoku";
			};
			name = Release;
		};
/* End XCBuildConfiguration section */

/* Begin XCConfigurationList section */
		45E154D61B000D890025594B /* Build configuration list for PBXProject "sudoku" */ = {
			isa = XCConfigurationList;
			buildConfigurations = (
				45E154FC1B000D8A0025594B /* Debug */,
				45E154FD1B000D8A0025594B /* Release */,
			);
			defaultConfigurationIsVisible = 0;
			defaultConfigurationName = Release;
		};
		45E154FE1B000D8A0025594B /* Build configuration list for PBXNativeTarget "sudoku" */ = {
			isa = XCConfigurationList;
			buildConfigurations = (
				45E154FF1B000D8A0025594B /* Debug */,
				45E155001B000D8A0025594B /* Release */,
			);
			defaultConfigurationIsVisible = 0;
			defaultConfigurationName = Release;
		};
		45E155011B000D8A0025594B /* Build configuration list for PBXNativeTarget "sudokuTests" */ = {
			isa = XCConfigurationList;
			buildConfigurations = (
				45E155021B000D8A0025594B /* Debug */,
				45E155031B000D8A0025594B /* Release */,
			);
			defaultConfigurationIsVisible = 0;
			defaultConfigurationName = Release;
		};
/* End XCConfigurationList section */
	};
	rootObject = 45E154D31B000D890025594B /* Project object */;
}
